
Microsoft Visual Studio Solution File, Format Version 12.00
# Visual Studio Version 17
VisualStudioVersion = 17.13.35825.156 d17.13
MinimumVisualStudioVersion = 10.0.40219.1
Project("{FAE04EC0-301F-11D3-BF4B-00C04F79EFBC}") = "WebApi", "WebApi\WebApi.csproj", "{B637A3DF-4C3A-4EA0-9B6D-C8EAD138433E}"
EndProject
Project("{FAE04EC0-301F-11D3-BF4B-00C04F79EFBC}") = "BlazorApp", "BlazorApp\BlazorApp.csproj", "{AD8A7DFA-664E-49FC-9B53-8176BD33E806}"
EndProject
Global
	GlobalSection(SolutionConfigurationPlatforms) = preSolution
		Debug|Any CPU = Debug|Any CPU
		Release|Any CPU = Release|Any CPU
	EndGlobalSection
	GlobalSection(ProjectConfigurationPlatforms) = postSolution
		{B637A3DF-4C3A-4EA0-9B6D-C8EAD138433E}.Debug|Any CPU.ActiveCfg = Debug|Any CPU
		{B637A3DF-4C3A-4EA0-9B6D-C8EAD138433E}.Debug|Any CPU.Build.0 = Debug|Any CPU
		{B637A3DF-4C3A-4EA0-9B6D-C8EAD138433E}.Release|Any CPU.ActiveCfg = Release|Any CPU
		{B637A3DF-4C3A-4EA0-9B6D-C8EAD138433E}.Release|Any CPU.Build.0 = Release|Any CPU
		{AD8A7DFA-664E-49FC-9B53-8176BD33E806}.Debug|Any CPU.ActiveCfg = Debug|Any CPU
		{AD8A7DFA-664E-49FC-9B53-8176BD33E806}.Debug|Any CPU.Build.0 = Debug|Any CPU
		{AD8A7DFA-664E-49FC-9B53-8176BD33E806}.Release|Any CPU.ActiveCfg = Release|Any CPU
		{AD8A7DFA-664E-49FC-9B53-8176BD33E806}.Release|Any CPU.Build.0 = Release|Any CPU
	EndGlobalSection
	GlobalSection(SolutionProperties) = preSolution
		HideSolutionNode = FALSE
	EndGlobalSection
	GlobalSection(ExtensibilityGlobals) = postSolution
		SolutionGuid = {15807ED2-5A8E-471B-83A9-745F0504C944}
	EndGlobalSection
EndGlobal
