
Microsoft Visual Studio Solution File, Format Version 12.00
# Visual Studio Version 17
VisualStudioVersion = 17.13.35825.156 d17.13
MinimumVisualStudioVersion = 10.0.40219.1
Project("{FAE04EC0-301F-11D3-BF4B-00C04F79EFBC}") = "PubSub", "PubSub\PubSub.csproj", "{B757A13E-BDF9-4F89-B65C-2172832196A8}"
EndProject
Global
	GlobalSection(SolutionConfigurationPlatforms) = preSolution
		Debug|Any CPU = Debug|Any CPU
		Release|Any CPU = Release|Any CPU
	EndGlobalSection
	GlobalSection(ProjectConfigurationPlatforms) = postSolution
		{B757A13E-BDF9-4F89-B65C-2172832196A8}.Debug|Any CPU.ActiveCfg = Debug|Any CPU
		{B757A13E-BDF9-4F89-B65C-2172832196A8}.Debug|Any CPU.Build.0 = Debug|Any CPU
		{B757A13E-BDF9-4F89-B65C-2172832196A8}.Release|Any CPU.ActiveCfg = Release|Any CPU
		{B757A13E-BDF9-4F89-B65C-2172832196A8}.Release|Any CPU.Build.0 = Release|Any CPU
	EndGlobalSection
	GlobalSection(SolutionProperties) = preSolution
		HideSolutionNode = FALSE
	EndGlobalSection
	GlobalSection(ExtensibilityGlobals) = postSolution
		SolutionGuid = {E60A70C0-C449-4485-A3EB-EA19F5A2589C}
	EndGlobalSection
EndGlobal
