
Microsoft Visual Studio Solution File, Format Version 12.00
# Visual Studio Version 17
VisualStudioVersion = 17.13.35825.156
MinimumVisualStudioVersion = 10.0.40219.1
Project("{FAE04EC0-301F-11D3-BF4B-00C04F79EFBC}") = "WebAssembly", "WebAssembly\WebAssembly.csproj", "{1F988FD5-65D2-412F-97D5-B9FCEF7D188B}"
EndProject
Global
	GlobalSection(SolutionConfigurationPlatforms) = preSolution
		Debug|Any CPU = Debug|Any CPU
		Release|Any CPU = Release|Any CPU
	EndGlobalSection
	GlobalSection(ProjectConfigurationPlatforms) = postSolution
		{1F988FD5-65D2-412F-97D5-B9FCEF7D188B}.Debug|Any CPU.ActiveCfg = Debug|Any CPU
		{1F988FD5-65D2-412F-97D5-B9FCEF7D188B}.Debug|Any CPU.Build.0 = Debug|Any CPU
		{1F988FD5-65D2-412F-97D5-B9FCEF7D188B}.Release|Any CPU.ActiveCfg = Release|Any CPU
		{1F988FD5-65D2-412F-97D5-B9FCEF7D188B}.Release|Any CPU.Build.0 = Release|Any CPU
	EndGlobalSection
	GlobalSection(SolutionProperties) = preSolution
		HideSolutionNode = FALSE
	EndGlobalSection
	GlobalSection(ExtensibilityGlobals) = postSolution
		SolutionGuid = {EF796755-1CD3-4765-ABBB-71C38696846E}
	EndGlobalSection
EndGlobal
